// !$*UTF8*$!
{
	archiveVersion = 1;
	classes = {
	};
	objectVersion = 46;
	objects = {

/* Begin PBXBuildFile section */
		6B8D59D21A3D5D5B00F41B85 /* main.m in Sources */ = {isa = PBXBuildFile; fileRef = 6B8D59D11A3D5D5B00F41B85 /* main.m */; };
		6B8D59D51A3D5D5B00F41B85 /* AppDelegate.m in Sources */ = {isa = PBXBuildFile; fileRef = 6B8D59D41A3D5D5B00F41B85 /* AppDelegate.m */; };
		6B8D59D81A3D5D5B00F41B85 /* FirstViewController.m in Sources */ = {isa = PBXBuildFile; fileRef = 6B8D59D71A3D5D5B00F41B85 /* FirstViewController.m */; };
		6B8D59DB1A3D5D5B00F41B85 /* SecondViewController.m in Sources */ = {isa = PBXBuildFile; fileRef = 6B8D59DA1A3D5D5B00F41B85 /* SecondViewController.m */; };
		6B8D59DE1A3D5D5B00F41B85 /* Main.storyboard in Resources */ = {isa = PBXBuildFile; fileRef = 6B8D59DC1A3D5D5B00F41B85 /* Main.storyboard */; };
		6B8D59E01A3D5D5B00F41B85 /* Images.xcassets in Resources */ = {isa = PBXBuildFile; fileRef = 6B8D59DF1A3D5D5B00F41B85 /* Images.xcassets */; };
		6B8D59E31A3D5D5B00F41B85 /* LaunchScreen.xib in Resources */ = {isa = PBXBuildFile; fileRef = 6B8D59E11A3D5D5B00F41B85 /* LaunchScreen.xib */; };
		6B8D59EF1A3D5D5B00F41B85 /* CoreTextTextTests.m in Sources */ = {isa = PBXBuildFile; fileRef = 6B8D59EE1A3D5D5B00F41B85 /* CoreTextTextTests.m */; };
/* End PBXBuildFile section */

/* Begin PBXContainerItemProxy section */
		6B8D59E91A3D5D5B00F41B85 /* PBXContainerItemProxy */ = {
			isa = PBXContainerItemProxy;
			containerPortal = 6B8D59C41A3D5D5B00F41B85 /* Project object */;
			proxyType = 1;
			remoteGlobalIDString = 6B8D59CB1A3D5D5B00F41B85;
			remoteInfo = CoreTextText;
		};
/* End PBXContainerItemProxy section */

/* Begin PBXFileReference section */
		6B8D59CC1A3D5D5B00F41B85 /* CoreTextText.app */ = {isa = PBXFileReference; explicitFileType = wrapper.application; includeInIndex = 0; path = CoreTextText.app; sourceTree = BUILT_PRODUCTS_DIR; };
		6B8D59D01A3D5D5B00F41B85 /* Info.plist */ = {isa = PBXFileReference; lastKnownFileType = text.plist.xml; path = Info.plist; sourceTree = "<group>"; };
		6B8D59D11A3D5D5B00F41B85 /* main.m */ = {isa = PBXFileReference; lastKnownFileType = sourcecode.c.objc; path = main.m; sourceTree = "<group>"; };
		6B8D59D31A3D5D5B00F41B85 /* AppDelegate.h */ = {isa = PBXFileReference; lastKnownFileType = sourcecode.c.h; path = AppDelegate.h; sourceTree = "<group>"; };
		6B8D59D41A3D5D5B00F41B85 /* AppDelegate.m */ = {isa = PBXFileReference; lastKnownFileType = sourcecode.c.objc; path = AppDelegate.m; sourceTree = "<group>"; };
		6B8D59D61A3D5D5B00F41B85 /* FirstViewController.h */ = {isa = PBXFileReference; lastKnownFileType = sourcecode.c.h; path = FirstViewController.h; sourceTree = "<group>"; };
		6B8D59D71A3D5D5B00F41B85 /* FirstViewController.m */ = {isa = PBXFileReference; lastKnownFileType = sourcecode.c.objc; path = FirstViewController.m; sourceTree = "<group>"; };
		6B8D59D91A3D5D5B00F41B85 /* SecondViewController.h */ = {isa = PBXFileReference; lastKnownFileType = sourcecode.c.h; path = SecondViewController.h; sourceTree = "<group>"; };
		6B8D59DA1A3D5D5B00F41B85 /* SecondViewController.m */ = {isa = PBXFileReference; lastKnownFileType = sourcecode.c.objc; path = SecondViewController.m; sourceTree = "<group>"; };
		6B8D59DD1A3D5D5B00F41B85 /* Base */ = {isa = PBXFileReference; lastKnownFileType = file.storyboard; name = Base; path = Base.lproj/Main.storyboard; sourceTree = "<group>"; };
		6B8D59DF1A3D5D5B00F41B85 /* Images.xcassets */ = {isa = PBXFileReference; lastKnownFileType = folder.assetcatalog; path = Images.xcassets; sourceTree = "<group>"; };
		6B8D59E21A3D5D5B00F41B85 /* Base */ = {isa = PBXFileReference; lastKnownFileType = file.xib; name = Base; path = Base.lproj/LaunchScreen.xib; sourceTree = "<group>"; };
		6B8D59E81A3D5D5B00F41B85 /* CoreTextTextTests.xctest */ = {isa = PBXFileReference; explicitFileType = wrapper.cfbundle; includeInIndex = 0; path = CoreTextTextTests.xctest; sourceTree = BUILT_PRODUCTS_DIR; };
		6B8D59ED1A3D5D5B00F41B85 /* Info.plist */ = {isa = PBXFileReference; lastKnownFileType = text.plist.xml; path = Info.plist; sourceTree = "<group>"; };
		6B8D59EE1A3D5D5B00F41B85 /* CoreTextTextTests.m */ = {isa = PBXFileReference; lastKnownFileType = sourcecode.c.objc; path = CoreTextTextTests.m; sourceTree = "<group>"; };
/* End PBXFileReference section */

/* Begin PBXFrameworksBuildPhase section */
		6B8D59C91A3D5D5B00F41B85 /* Frameworks */ = {
			isa = PBXFrameworksBuildPhase;
			buildActionMask = 2147483647;
			files = (
			);
			runOnlyForDeploymentPostprocessing = 0;
		};
		6B8D59E51A3D5D5B00F41B85 /* Frameworks */ = {
			isa = PBXFrameworksBuildPhase;
			buildActionMask = 2147483647;
			files = (
			);
			runOnlyForDeploymentPostprocessing = 0;
		};
/* End PBXFrameworksBuildPhase section */

/* Begin PBXGroup section */
		6B8D59C31A3D5D5B00F41B85 = {
			isa = PBXGroup;
			children = (
				6B8D59CE1A3D5D5B00F41B85 /* CoreTextText */,
				6B8D59EB1A3D5D5B00F41B85 /* CoreTextTextTests */,
				6B8D59CD1A3D5D5B00F41B85 /* Products */,
			);
			sourceTree = "<group>";
		};
		6B8D59CD1A3D5D5B00F41B85 /* Products */ = {
			isa = PBXGroup;
			children = (
				6B8D59CC1A3D5D5B00F41B85 /* CoreTextText.app */,
				6B8D59E81A3D5D5B00F41B85 /* CoreTextTextTests.xctest */,
			);
			name = Products;
			sourceTree = "<group>";
		};
		6B8D59CE1A3D5D5B00F41B85 /* CoreTextText */ = {
			isa = PBXGroup;
			children = (
				6B8D59D31A3D5D5B00F41B85 /* AppDelegate.h */,
				6B8D59D41A3D5D5B00F41B85 /* AppDelegate.m */,
				6B8D59D61A3D5D5B00F41B85 /* FirstViewController.h */,
				6B8D59D71A3D5D5B00F41B85 /* FirstViewController.m */,
				6B8D59D91A3D5D5B00F41B85 /* SecondViewController.h */,
				6B8D59DA1A3D5D5B00F41B85 /* SecondViewController.m */,
				6B8D59DC1A3D5D5B00F41B85 /* Main.storyboard */,
				6B8D59DF1A3D5D5B00F41B85 /* Images.xcassets */,
				6B8D59E11A3D5D5B00F41B85 /* LaunchScreen.xib */,
				6B8D59CF1A3D5D5B00F41B85 /* Supporting Files */,
			);
			path = CoreTextText;
			sourceTree = "<group>";
		};
		6B8D59CF1A3D5D5B00F41B85 /* Supporting Files */ = {
			isa = PBXGroup;
			children = (
				6B8D59D01A3D5D5B00F41B85 /* Info.plist */,
				6B8D59D11A3D5D5B00F41B85 /* main.m */,
			);
			name = "Supporting Files";
			sourceTree = "<group>";
		};
		6B8D59EB1A3D5D5B00F41B85 /* CoreTextTextTests */ = {
			isa = PBXGroup;
			children = (
				6B8D59EE1A3D5D5B00F41B85 /* CoreTextTextTests.m */,
				6B8D59EC1A3D5D5B00F41B85 /* Supporting Files */,
			);
			path = CoreTextTextTests;
			sourceTree = "<group>";
		};
		6B8D59EC1A3D5D5B00F41B85 /* Supporting Files */ = {
			isa = PBXGroup;
			children = (
				6B8D59ED1A3D5D5B00F41B85 /* Info.plist */,
			);
			name = "Supporting Files";
			sourceTree = "<group>";
		};
/* End PBXGroup section */

/* Begin PBXNativeTarget section */
		6B8D59CB1A3D5D5B00F41B85 /* CoreTextText */ = {
			isa = PBXNativeTarget;
			buildConfigurationList = 6B8D59F21A3D5D5C00F41B85 /* Build configuration list for PBXNativeTarget "CoreTextText" */;
			buildPhases = (
				6B8D59C81A3D5D5B00F41B85 /* Sources */,
				6B8D59C91A3D5D5B00F41B85 /* Frameworks */,
				6B8D59CA1A3D5D5B00F41B85 /* Resources */,
			);
			buildRules = (
			);
			dependencies = (
			);
			name = CoreTextText;
			productName = CoreTextText;
			productReference = 6B8D59CC1A3D5D5B00F41B85 /* CoreTextText.app */;
			productType = "com.apple.product-type.application";
		};
		6B8D59E71A3D5D5B00F41B85 /* CoreTextTextTests */ = {
			isa = PBXNativeTarget;
			buildConfigurationList = 6B8D59F51A3D5D5C00F41B85 /* Build configuration list for PBXNativeTarget "CoreTextTextTests" */;
			buildPhases = (
				6B8D59E41A3D5D5B00F41B85 /* Sources */,
				6B8D59E51A3D5D5B00F41B85 /* Frameworks */,
				6B8D59E61A3D5D5B00F41B85 /* Resources */,
			);
			buildRules = (
			);
			dependencies = (
				6B8D59EA1A3D5D5B00F41B85 /* PBXTargetDependency */,
			);
			name = CoreTextTextTests;
			productName = CoreTextTextTests;
			productReference = 6B8D59E81A3D5D5B00F41B85 /* CoreTextTextTests.xctest */;
			productType = "com.apple.product-type.bundle.unit-test";
		};
/* End PBXNativeTarget section */

/* Begin PBXProject section */
		6B8D59C41A3D5D5B00F41B85 /* Project object */ = {
			isa = PBXProject;
			attributes = {
				LastUpgradeCheck = 0610;
				ORGANIZATIONNAME = founderbn;
				TargetAttributes = {
					6B8D59CB1A3D5D5B00F41B85 = {
						CreatedOnToolsVersion = 6.1;
					};
					6B8D59E71A3D5D5B00F41B85 = {
						CreatedOnToolsVersion = 6.1;
						TestTargetID = 6B8D59CB1A3D5D5B00F41B85;
					};
				};
			};
			buildConfigurationList = 6B8D59C71A3D5D5B00F41B85 /* Build configuration list for PBXProject "CoreTextText" */;
			compatibilityVersion = "Xcode 3.2";
			developmentRegion = English;
			hasScannedForEncodings = 0;
			knownRegions = (
				en,
				Base,
			);
			mainGroup = 6B8D59C31A3D5D5B00F41B85;
			productRefGroup = 6B8D59CD1A3D5D5B00F41B85 /* Products */;
			projectDirPath = "";
			projectRoot = "";
			targets = (
				6B8D59CB1A3D5D5B00F41B85 /* CoreTextText */,
				6B8D59E71A3D5D5B00F41B85 /* CoreTextTextTests */,
			);
		};
/* End PBXProject section */

/* Begin PBXResourcesBuildPhase section */
		6B8D59CA1A3D5D5B00F41B85 /* Resources */ = {
			isa = PBXResourcesBuildPhase;
			buildActionMask = 2147483647;
			files = (
				6B8D59DE1A3D5D5B00F41B85 /* Main.storyboard in Resources */,
				6B8D59E31A3D5D5B00F41B85 /* LaunchScreen.xib in Resources */,
				6B8D59E01A3D5D5B00F41B85 /* Images.xcassets in Resources */,
			);
			runOnlyForDeploymentPostprocessing = 0;
		};
		6B8D59E61A3D5D5B00F41B85 /* Resources */ = {
			isa = PBXResourcesBuildPhase;
			buildActionMask = 2147483647;
			files = (
			);
			runOnlyForDeploymentPostprocessing = 0;
		};
/* End PBXResourcesBuildPhase section */

/* Begin PBXSourcesBuildPhase section */
		6B8D59C81A3D5D5B00F41B85 /* Sources */ = {
			isa = PBXSourcesBuildPhase;
			buildActionMask = 2147483647;
			files = (
				6B8D59DB1A3D5D5B00F41B85 /* SecondViewController.m in Sources */,
				6B8D59D51A3D5D5B00F41B85 /* AppDelegate.m in Sources */,
				6B8D59D81A3D5D5B00F41B85 /* FirstViewController.m in Sources */,
				6B8D59D21A3D5D5B00F41B85 /* main.m in Sources */,
			);
			runOnlyForDeploymentPostprocessing = 0;
		};
		6B8D59E41A3D5D5B00F41B85 /* Sources */ = {
			isa = PBXSourcesBuildPhase;
			buildActionMask = 2147483647;
			files = (
				6B8D59EF1A3D5D5B00F41B85 /* CoreTextTextTests.m in Sources */,
			);
			runOnlyForDeploymentPostprocessing = 0;
		};
/* End PBXSourcesBuildPhase section */

/* Begin PBXTargetDependency section */
		6B8D59EA1A3D5D5B00F41B85 /* PBXTargetDependency */ = {
			isa = PBXTargetDependency;
			target = 6B8D59CB1A3D5D5B00F41B85 /* CoreTextText */;
			targetProxy = 6B8D59E91A3D5D5B00F41B85 /* PBXContainerItemProxy */;
		};
/* End PBXTargetDependency section */

/* Begin PBXVariantGroup section */
		6B8D59DC1A3D5D5B00F41B85 /* Main.storyboard */ = {
			isa = PBXVariantGroup;
			children = (
				6B8D59DD1A3D5D5B00F41B85 /* Base */,
			);
			name = Main.storyboard;
			sourceTree = "<group>";
		};
		6B8D59E11A3D5D5B00F41B85 /* LaunchScreen.xib */ = {
			isa = PBXVariantGroup;
			children = (
				6B8D59E21A3D5D5B00F41B85 /* Base */,
			);
			name = LaunchScreen.xib;
			sourceTree = "<group>";
		};
/* End PBXVariantGroup section */

/* Begin XCBuildConfiguration section */
		6B8D59F01A3D5D5C00F41B85 /* Debug */ = {
			isa = XCBuildConfiguration;
			buildSettings = {
				ALWAYS_SEARCH_USER_PATHS = NO;
				CLANG_CXX_LANGUAGE_STANDARD = "gnu++0x";
				CLANG_CXX_LIBRARY = "libc++";
				CLANG_ENABLE_MODULES = YES;
				CLANG_ENABLE_OBJC_ARC = YES;
				CLANG_WARN_BOOL_CONVERSION = YES;
				CLANG_WARN_CONSTANT_CONVERSION = YES;
				CLANG_WARN_DIRECT_OBJC_ISA_USAGE = YES_ERROR;
				CLANG_WARN_EMPTY_BODY = YES;
				CLANG_WARN_ENUM_CONVERSION = YES;
				CLANG_WARN_INT_CONVERSION = YES;
				CLANG_WARN_OBJC_ROOT_CLASS = YES_ERROR;
				CLANG_WARN_UNREACHABLE_CODE = YES;
				CLANG_WARN__DUPLICATE_METHOD_MATCH = YES;
				"CODE_SIGN_IDENTITY[sdk=iphoneos*]" = "iPhone Developer";
				COPY_PHASE_STRIP = NO;
				ENABLE_STRICT_OBJC_MSGSEND = YES;
				GCC_C_LANGUAGE_STANDARD = gnu99;
				GCC_DYNAMIC_NO_PIC = NO;
				GCC_OPTIMIZATION_LEVEL = 0;
				GCC_PREPROCESSOR_DEFINITIONS = (
					"DEBUG=1",
					"$(inherited)",
				);
				GCC_SYMBOLS_PRIVATE_EXTERN = NO;
				GCC_WARN_64_TO_32_BIT_CONVERSION = YES;
				GCC_WARN_ABOUT_RETURN_TYPE = YES_ERROR;
				GCC_WARN_UNDECLARED_SELECTOR = YES;
				GCC_WARN_UNINITIALIZED_AUTOS = YES_AGGRESSIVE;
				GCC_WARN_UNUSED_FUNCTION = YES;
				GCC_WARN_UNUSED_VARIABLE = YES;
				IPHONEOS_DEPLOYMENT_TARGET = 8.1;
				MTL_ENABLE_DEBUG_INFO = YES;
				ONLY_ACTIVE_ARCH = YES;
				SDKROOT = iphoneos;
			};
			name = Debug;
		};
		6B8D59F11A3D5D5C00F41B85 /* Release */ = {
			isa = XCBuildConfiguration;
			buildSettings = {
				ALWAYS_SEARCH_USER_PATHS = NO;
				CLANG_CXX_LANGUAGE_STANDARD = "gnu++0x";
				CLANG_CXX_LIBRARY = "libc++";
				CLANG_ENABLE_MODULES = YES;
				CLANG_ENABLE_OBJC_ARC = YES;
				CLANG_WARN_BOOL_CONVERSION = YES;
				CLANG_WARN_CONSTANT_CONVERSION = YES;
				CLANG_WARN_DIRECT_OBJC_ISA_USAGE = YES_ERROR;
				CLANG_WARN_EMPTY_BODY = YES;
				CLANG_WARN_ENUM_CONVERSION = YES;
				CLANG_WARN_INT_CONVERSION = YES;
				CLANG_WARN_OBJC_ROOT_CLASS = YES_ERROR;
				CLANG_WARN_UNREACHABLE_CODE = YES;
				CLANG_WARN__DUPLICATE_METHOD_MATCH = YES;
				"CODE_SIGN_IDENTITY[sdk=iphoneos*]" = "iPhone Developer";
				COPY_PHASE_STRIP = YES;
				ENABLE_NS_ASSERTIONS = NO;
				ENABLE_STRICT_OBJC_MSGSEND = YES;
				GCC_C_LANGUAGE_STANDARD = gnu99;
				GCC_WARN_64_TO_32_BIT_CONVERSION = YES;
				GCC_WARN_ABOUT_RETURN_TYPE = YES_ERROR;
				GCC_WARN_UNDECLARED_SELECTOR = YES;
				GCC_WARN_UNINITIALIZED_AUTOS = YES_AGGRESSIVE;
				GCC_WARN_UNUSED_FUNCTION = YES;
				GCC_WARN_UNUSED_VARIABLE = YES;
				IPHONEOS_DEPLOYMENT_TARGET = 8.1;
				MTL_ENABLE_DEBUG_INFO = NO;
				SDKROOT = iphoneos;
				VALIDATE_PRODUCT = YES;
			};
			name = Release;
		};
		6B8D59F31A3D5D5C00F41B85 /* Debug */ = {
			isa = XCBuildConfiguration;
			buildSettings = {
				ASSETCATALOG_COMPILER_APPICON_NAME = AppIcon;
				INFOPLIST_FILE = CoreTextText/Info.plist;
				LD_RUNPATH_SEARCH_PATHS = "$(inherited) @executable_path/Frameworks";
				PRODUCT_NAME = "$(TARGET_NAME)";
			};
			name = Debug;
		};
		6B8D59F41A3D5D5C00F41B85 /* Release */ = {
			isa = XCBuildConfiguration;
			buildSettings = {
				ASSETCATALOG_COMPILER_APPICON_NAME = AppIcon;
				INFOPLIST_FILE = CoreTextText/Info.plist;
				LD_RUNPATH_SEARCH_PATHS = "$(inherited) @executable_path/Frameworks";
				PRODUCT_NAME = "$(TARGET_NAME)";
			};
			name = Release;
		};
		6B8D59F61A3D5D5C00F41B85 /* Debug */ = {
			isa = XCBuildConfiguration;
			buildSettings = {
				BUNDLE_LOADER = "$(TEST_HOST)";
				FRAMEWORK_SEARCH_PATHS = (
					"$(SDKROOT)/Developer/Library/Frameworks",
					"$(inherited)",
				);
				GCC_PREPROCESSOR_DEFINITIONS = (
					"DEBUG=1",
					"$(inherited)",
				);
				INFOPLIST_FILE = CoreTextTextTests/Info.plist;
				LD_RUNPATH_SEARCH_PATHS = "$(inherited) @executable_path/Frameworks @loader_path/Frameworks";
				PRODUCT_NAME = "$(TARGET_NAME)";
				TEST_HOST = "$(BUILT_PRODUCTS_DIR)/CoreTextText.app/CoreTextText";
			};
			name = Debug;
		};
		6B8D59F71A3D5D5C00F41B85 /* Release */ = {
			isa = XCBuildConfiguration;
			buildSettings = {
				BUNDLE_LOADER = "$(TEST_HOST)";
				FRAMEWORK_SEARCH_PATHS = (
					"$(SDKROOT)/Developer/Library/Frameworks",
					"$(inherited)",
				);
				INFOPLIST_FILE = CoreTextTextTests/Info.plist;
				LD_RUNPATH_SEARCH_PATHS = "$(inherited) @executable_path/Frameworks @loader_path/Frameworks";
				PRODUCT_NAME = "$(TARGET_NAME)";
				TEST_HOST = "$(BUILT_PRODUCTS_DIR)/CoreTextText.app/CoreTextText";
			};
			name = Release;
		};
/* End XCBuildConfiguration section */

/* Begin XCConfigurationList section */
		6B8D59C71A3D5D5B00F41B85 /* Build configuration list for PBXProject "CoreTextText" */ = {
			isa = XCConfigurationList;
			buildConfigurations = (
				6B8D59F01A3D5D5C00F41B85 /* Debug */,
				6B8D59F11A3D5D5C00F41B85 /* Release */,
			);
			defaultConfigurationIsVisible = 0;
			defaultConfigurationName = Release;
		};
		6B8D59F21A3D5D5C00F41B85 /* Build configuration list for PBXNativeTarget "CoreTextText" */ = {
			isa = XCConfigurationList;
			buildConfigurations = (
				6B8D59F31A3D5D5C00F41B85 /* Debug */,
				6B8D59F41A3D5D5C00F41B85 /* Release */,
			);
			defaultConfigurationIsVisible = 0;
		};
		6B8D59F51A3D5D5C00F41B85 /* Build configuration list for PBXNativeTarget "CoreTextTextTests" */ = {
			isa = XCConfigurationList;
			buildConfigurations = (
				6B8D59F61A3D5D5C00F41B85 /* Debug */,
				6B8D59F71A3D5D5C00F41B85 /* Release */,
			);
			defaultConfigurationIsVisible = 0;
		};
/* End XCConfigurationList section */
	};
	rootObject = 6B8D59C41A3D5D5B00F41B85 /* Project object */;
}
