// !$*UTF8*$!
{
	archiveVersion = 1;
	classes = {
	};
	objectVersion = 46;
	objects = {

/* Begin PBXBuildFile section */
		6B8D59D21A3D5D5B00F41B85 /* main.m in Sources */ = {isa = PBXBuildFile; fileRef = 6B8D59D11A3D5D5B00F41B85 /* main.m */; };
		6B8D59D51A3D5D5B00F41B85 /* AppDelegate.m in Sources */ = {isa = PBXBuildFile; fileRef = 6B8D59D41A3D5D5B00F41B85 /* AppDelegate.m */; };
		6B8D59D81A3D5D5B00F41B85 /* FirstViewController.m in Sources */ = {isa = PBXBuildFile; fileRef = 6B8D59D71A3D5D5B00F41B85 /* FirstViewController.m */; };
		6B8D59DB1A3D5D5B00F41B85 /* SecondViewController.m in Sources */ = {isa = PBXBuildFile; fileRef = 6B8D59DA1A3D5D5B00F41B85 /* SecondViewController.m */; };
		6B8D59DE1A3D5D5B00F41B85 /* Main.storyboard in Resources */ = {isa = PBXBuildFile; fileRef = 6B8D59DC1A3D5D5B00F41B85 /* Main.storyboard */; };
		6B8D59E01A3D5D5B00F41B85 /* Images.xcassets in Resources */ = {isa = PBXBuildFile; fileRef = 6B8D59DF1A3D5D5B00F41B85 /* Images.xcassets */; };
		6B8D59E31A3D5D5B00F41B85 /* LaunchScreen.xib in Resources */ = {isa = PBXBuildFile; fileRef = 6B8D59E11A3D5D5B00F41B85 /* LaunchScreen.xib */; };
		6B8D59EF1A3D5D5B00F41B85 /* CoreTextTextTests.m in Sources */ = {isa = PBXBuildFile; fileRef = 6B8D59EE1A3D5D5B00F41B85 /* CoreTextTextTests.m */; };
		6B8D59FA1A3D5DAD00F41B85 /* CoreTxetView.m in Sources */ = {isa = PBXBuildFile; fileRef = 6B8D59F91A3D5DAD00F41B85 /* CoreTxetView.m */; };
		6B8D5A291A3D6BB300F41B85 /* audio.png in Resources */ = {isa = PBXBuildFile; fileRef = 6B8D59FD1A3D6BB300F41B85 /* audio.png */; };
		6B8D5A2A1A3D6BB300F41B85 /* doc.png in Resources */ = {isa = PBXBuildFile; fileRef = 6B8D59FE1A3D6BB300F41B85 /* doc.png */; };
		6B8D5A2B1A3D6BB300F41B85 /* file.png in Resources */ = {isa = PBXBuildFile; fileRef = 6B8D59FF1A3D6BB300F41B85 /* file.png */; };
		6B8D5A2C1A3D6BB300F41B85 /* html.png in Resources */ = {isa = PBXBuildFile; fileRef = 6B8D5A001A3D6BB300F41B85 /* html.png */; };
		6B8D5A2D1A3D6BB300F41B85 /* pdf.png in Resources */ = {isa = PBXBuildFile; fileRef = 6B8D5A011A3D6BB300F41B85 /* pdf.png */; };
		6B8D5A2E1A3D6BB300F41B85 /* pic.png in Resources */ = {isa = PBXBuildFile; fileRef = 6B8D5A021A3D6BB300F41B85 /* pic.png */; };
		6B8D5A2F1A3D6BB300F41B85 /* ppt.png in Resources */ = {isa = PBXBuildFile; fileRef = 6B8D5A031A3D6BB300F41B85 /* ppt.png */; };
		6B8D5A301A3D6BB300F41B85 /* txt.png in Resources */ = {isa = PBXBuildFile; fileRef = 6B8D5A041A3D6BB300F41B85 /* txt.png */; };
		6B8D5A311A3D6BB300F41B85 /* xls.png in Resources */ = {isa = PBXBuildFile; fileRef = 6B8D5A051A3D6BB300F41B85 /* xls.png */; };
		6B8D5A321A3D6BB300F41B85 /* zip.png in Resources */ = {isa = PBXBuildFile; fileRef = 6B8D5A061A3D6BB300F41B85 /* zip.png */; };
		6B8D5A331A3D6BB300F41B85 /* back.png in Resources */ = {isa = PBXBuildFile; fileRef = 6B8D5A071A3D6BB300F41B85 /* back.png */; };
		6B8D5A341A3D6BB300F41B85 /* back@2x.png in Resources */ = {isa = PBXBuildFile; fileRef = 6B8D5A081A3D6BB300F41B85 /* back@2x.png */; };
		6B8D5A351A3D6BB300F41B85 /* background.png in Resources */ = {isa = PBXBuildFile; fileRef = 6B8D5A091A3D6BB300F41B85 /* background.png */; };
		6B8D5A361A3D6BB300F41B85 /* button_bg.png in Resources */ = {isa = PBXBuildFile; fileRef = 6B8D5A0A1A3D6BB300F41B85 /* button_bg.png */; };
		6B8D5A371A3D6BB300F41B85 /* button_bg@2x.png in Resources */ = {isa = PBXBuildFile; fileRef = 6B8D5A0B1A3D6BB300F41B85 /* button_bg@2x.png */; };
		6B8D5A381A3D6BB300F41B85 /* checkbox_checked.png in Resources */ = {isa = PBXBuildFile; fileRef = 6B8D5A0C1A3D6BB300F41B85 /* checkbox_checked.png */; };
		6B8D5A391A3D6BB300F41B85 /* checkbox_unchecked.png in Resources */ = {isa = PBXBuildFile; fileRef = 6B8D5A0D1A3D6BB300F41B85 /* checkbox_unchecked.png */; };
		6B8D5A3A1A3D6BB300F41B85 /* checkmark.png in Resources */ = {isa = PBXBuildFile; fileRef = 6B8D5A0E1A3D6BB300F41B85 /* checkmark.png */; };
		6B8D5A3B1A3D6BB300F41B85 /* checkmark@2x.png in Resources */ = {isa = PBXBuildFile; fileRef = 6B8D5A0F1A3D6BB300F41B85 /* checkmark@2x.png */; };
		6B8D5A3C1A3D6BB300F41B85 /* Default-568h@2x.png in Resources */ = {isa = PBXBuildFile; fileRef = 6B8D5A101A3D6BB300F41B85 /* Default-568h@2x.png */; };
		6B8D5A3D1A3D6BB300F41B85 /* Default.png in Resources */ = {isa = PBXBuildFile; fileRef = 6B8D5A111A3D6BB300F41B85 /* Default.png */; };
		6B8D5A3E1A3D6BB300F41B85 /* Default@2x.png in Resources */ = {isa = PBXBuildFile; fileRef = 6B8D5A121A3D6BB300F41B85 /* Default@2x.png */; };
		6B8D5A3F1A3D6BB300F41B85 /* error.png in Resources */ = {isa = PBXBuildFile; fileRef = 6B8D5A131A3D6BB300F41B85 /* error.png */; };
		6B8D5A401A3D6BB300F41B85 /* error@2x.png in Resources */ = {isa = PBXBuildFile; fileRef = 6B8D5A141A3D6BB300F41B85 /* error@2x.png */; };
		6B8D5A411A3D6BB300F41B85 /* line_shi.png in Resources */ = {isa = PBXBuildFile; fileRef = 6B8D5A151A3D6BB300F41B85 /* line_shi.png */; };
		6B8D5A421A3D6BB300F41B85 /* line_shi@2x.png in Resources */ = {isa = PBXBuildFile; fileRef = 6B8D5A161A3D6BB300F41B85 /* line_shi@2x.png */; };
		6B8D5A431A3D6BB300F41B85 /* login_bg.png in Resources */ = {isa = PBXBuildFile; fileRef = 6B8D5A171A3D6BB300F41B85 /* login_bg.png */; };
		6B8D5A441A3D6BB300F41B85 /* login_btn.png in Resources */ = {isa = PBXBuildFile; fileRef = 6B8D5A181A3D6BB300F41B85 /* login_btn.png */; };
		6B8D5A451A3D6BB300F41B85 /* man.png in Resources */ = {isa = PBXBuildFile; fileRef = 6B8D5A191A3D6BB300F41B85 /* man.png */; };
		6B8D5A461A3D6BB300F41B85 /* man@2x.png in Resources */ = {isa = PBXBuildFile; fileRef = 6B8D5A1A1A3D6BB300F41B85 /* man@2x.png */; };
		6B8D5A471A3D6BB300F41B85 /* menu.png in Resources */ = {isa = PBXBuildFile; fileRef = 6B8D5A1B1A3D6BB300F41B85 /* menu.png */; };
		6B8D5A481A3D6BB300F41B85 /* menu@2x.png in Resources */ = {isa = PBXBuildFile; fileRef = 6B8D5A1C1A3D6BB300F41B85 /* menu@2x.png */; };
		6B8D5A491A3D6BB300F41B85 /* menu_back.png in Resources */ = {isa = PBXBuildFile; fileRef = 6B8D5A1D1A3D6BB300F41B85 /* menu_back.png */; };
		6B8D5A4A1A3D6BB300F41B85 /* navigationbar_bg.png in Resources */ = {isa = PBXBuildFile; fileRef = 6B8D5A1E1A3D6BB300F41B85 /* navigationbar_bg.png */; };
		6B8D5A4B1A3D6BB300F41B85 /* navigationbar_bg@2x.png in Resources */ = {isa = PBXBuildFile; fileRef = 6B8D5A1F1A3D6BB300F41B85 /* navigationbar_bg@2x.png */; };
		6B8D5A4C1A3D6BB300F41B85 /* paperClip.png in Resources */ = {isa = PBXBuildFile; fileRef = 6B8D5A201A3D6BB300F41B85 /* paperClip.png */; };
		6B8D5A4D1A3D6BB300F41B85 /* paperClip@2x.png in Resources */ = {isa = PBXBuildFile; fileRef = 6B8D5A211A3D6BB300F41B85 /* paperClip@2x.png */; };
		6B8D5A4E1A3D6BB300F41B85 /* return.png in Resources */ = {isa = PBXBuildFile; fileRef = 6B8D5A221A3D6BB300F41B85 /* return.png */; };
		6B8D5A4F1A3D6BB300F41B85 /* textfield_bg.png in Resources */ = {isa = PBXBuildFile; fileRef = 6B8D5A231A3D6BB300F41B85 /* textfield_bg.png */; };
		6B8D5A501A3D6BB300F41B85 /* textfield_bg@2x.png in Resources */ = {isa = PBXBuildFile; fileRef = 6B8D5A241A3D6BB300F41B85 /* textfield_bg@2x.png */; };
		6B8D5A511A3D6BB300F41B85 /* textfield_hlbg.png in Resources */ = {isa = PBXBuildFile; fileRef = 6B8D5A251A3D6BB300F41B85 /* textfield_hlbg.png */; };
		6B8D5A521A3D6BB300F41B85 /* textfield_hlbg@2x.png in Resources */ = {isa = PBXBuildFile; fileRef = 6B8D5A261A3D6BB300F41B85 /* textfield_hlbg@2x.png */; };
		6B8D5A531A3D6BB300F41B85 /* woman.png in Resources */ = {isa = PBXBuildFile; fileRef = 6B8D5A271A3D6BB300F41B85 /* woman.png */; };
		6B8D5A541A3D6BB300F41B85 /* woman@2x.png in Resources */ = {isa = PBXBuildFile; fileRef = 6B8D5A281A3D6BB300F41B85 /* woman@2x.png */; };
		6B8D5A571A3D770600F41B85 /* ItemModel.m in Sources */ = {isa = PBXBuildFile; fileRef = 6B8D5A561A3D770600F41B85 /* ItemModel.m */; };
/* End PBXBuildFile section */

/* Begin PBXContainerItemProxy section */
		6B8D59E91A3D5D5B00F41B85 /* PBXContainerItemProxy */ = {
			isa = PBXContainerItemProxy;
			containerPortal = 6B8D59C41A3D5D5B00F41B85 /* Project object */;
			proxyType = 1;
			remoteGlobalIDString = 6B8D59CB1A3D5D5B00F41B85;
			remoteInfo = CoreTextText;
		};
/* End PBXContainerItemProxy section */

/* Begin PBXFileReference section */
		6B8D59CC1A3D5D5B00F41B85 /* CoreTextText.app */ = {isa = PBXFileReference; explicitFileType = wrapper.application; includeInIndex = 0; path = CoreTextText.app; sourceTree = BUILT_PRODUCTS_DIR; };
		6B8D59D01A3D5D5B00F41B85 /* Info.plist */ = {isa = PBXFileReference; lastKnownFileType = text.plist.xml; path = Info.plist; sourceTree = "<group>"; };
		6B8D59D11A3D5D5B00F41B85 /* main.m */ = {isa = PBXFileReference; lastKnownFileType = sourcecode.c.objc; path = main.m; sourceTree = "<group>"; };
		6B8D59D31A3D5D5B00F41B85 /* AppDelegate.h */ = {isa = PBXFileReference; lastKnownFileType = sourcecode.c.h; path = AppDelegate.h; sourceTree = "<group>"; };
		6B8D59D41A3D5D5B00F41B85 /* AppDelegate.m */ = {isa = PBXFileReference; lastKnownFileType = sourcecode.c.objc; path = AppDelegate.m; sourceTree = "<group>"; };
		6B8D59D61A3D5D5B00F41B85 /* FirstViewController.h */ = {isa = PBXFileReference; lastKnownFileType = sourcecode.c.h; path = FirstViewController.h; sourceTree = "<group>"; };
		6B8D59D71A3D5D5B00F41B85 /* FirstViewController.m */ = {isa = PBXFileReference; lastKnownFileType = sourcecode.c.objc; path = FirstViewController.m; sourceTree = "<group>"; };
		6B8D59D91A3D5D5B00F41B85 /* SecondViewController.h */ = {isa = PBXFileReference; lastKnownFileType = sourcecode.c.h; path = SecondViewController.h; sourceTree = "<group>"; };
		6B8D59DA1A3D5D5B00F41B85 /* SecondViewController.m */ = {isa = PBXFileReference; lastKnownFileType = sourcecode.c.objc; path = SecondViewController.m; sourceTree = "<group>"; };
		6B8D59DD1A3D5D5B00F41B85 /* Base */ = {isa = PBXFileReference; lastKnownFileType = file.storyboard; name = Base; path = Base.lproj/Main.storyboard; sourceTree = "<group>"; };
		6B8D59DF1A3D5D5B00F41B85 /* Images.xcassets */ = {isa = PBXFileReference; lastKnownFileType = folder.assetcatalog; path = Images.xcassets; sourceTree = "<group>"; };
		6B8D59E21A3D5D5B00F41B85 /* Base */ = {isa = PBXFileReference; lastKnownFileType = file.xib; name = Base; path = Base.lproj/LaunchScreen.xib; sourceTree = "<group>"; };
		6B8D59E81A3D5D5B00F41B85 /* CoreTextTextTests.xctest */ = {isa = PBXFileReference; explicitFileType = wrapper.cfbundle; includeInIndex = 0; path = CoreTextTextTests.xctest; sourceTree = BUILT_PRODUCTS_DIR; };
		6B8D59ED1A3D5D5B00F41B85 /* Info.plist */ = {isa = PBXFileReference; lastKnownFileType = text.plist.xml; path = Info.plist; sourceTree = "<group>"; };
		6B8D59EE1A3D5D5B00F41B85 /* CoreTextTextTests.m */ = {isa = PBXFileReference; lastKnownFileType = sourcecode.c.objc; path = CoreTextTextTests.m; sourceTree = "<group>"; };
		6B8D59F81A3D5DAD00F41B85 /* CoreTxetView.h */ = {isa = PBXFileReference; fileEncoding = 4; lastKnownFileType = sourcecode.c.h; path = CoreTxetView.h; sourceTree = "<group>"; };
		6B8D59F91A3D5DAD00F41B85 /* CoreTxetView.m */ = {isa = PBXFileReference; fileEncoding = 4; lastKnownFileType = sourcecode.c.objc; path = CoreTxetView.m; sourceTree = "<group>"; };
		6B8D59FD1A3D6BB300F41B85 /* audio.png */ = {isa = PBXFileReference; lastKnownFileType = image.png; path = audio.png; sourceTree = "<group>"; };
		6B8D59FE1A3D6BB300F41B85 /* doc.png */ = {isa = PBXFileReference; lastKnownFileType = image.png; path = doc.png; sourceTree = "<group>"; };
		6B8D59FF1A3D6BB300F41B85 /* file.png */ = {isa = PBXFileReference; lastKnownFileType = image.png; path = file.png; sourceTree = "<group>"; };
		6B8D5A001A3D6BB300F41B85 /* html.png */ = {isa = PBXFileReference; lastKnownFileType = image.png; path = html.png; sourceTree = "<group>"; };
		6B8D5A011A3D6BB300F41B85 /* pdf.png */ = {isa = PBXFileReference; lastKnownFileType = image.png; path = pdf.png; sourceTree = "<group>"; };
		6B8D5A021A3D6BB300F41B85 /* pic.png */ = {isa = PBXFileReference; lastKnownFileType = image.png; path = pic.png; sourceTree = "<group>"; };
		6B8D5A031A3D6BB300F41B85 /* ppt.png */ = {isa = PBXFileReference; lastKnownFileType = image.png; path = ppt.png; sourceTree = "<group>"; };
		6B8D5A041A3D6BB300F41B85 /* txt.png */ = {isa = PBXFileReference; lastKnownFileType = image.png; path = txt.png; sourceTree = "<group>"; };
		6B8D5A051A3D6BB300F41B85 /* xls.png */ = {isa = PBXFileReference; lastKnownFileType = image.png; path = xls.png; sourceTree = "<group>"; };
		6B8D5A061A3D6BB300F41B85 /* zip.png */ = {isa = PBXFileReference; lastKnownFileType = image.png; path = zip.png; sourceTree = "<group>"; };
		6B8D5A071A3D6BB300F41B85 /* back.png */ = {isa = PBXFileReference; lastKnownFileType = image.png; path = back.png; sourceTree = "<group>"; };
		6B8D5A081A3D6BB300F41B85 /* back@2x.png */ = {isa = PBXFileReference; lastKnownFileType = image.png; path = "back@2x.png"; sourceTree = "<group>"; };
		6B8D5A091A3D6BB300F41B85 /* background.png */ = {isa = PBXFileReference; lastKnownFileType = image.png; path = background.png; sourceTree = "<group>"; };
		6B8D5A0A1A3D6BB300F41B85 /* button_bg.png */ = {isa = PBXFileReference; lastKnownFileType = image.png; path = button_bg.png; sourceTree = "<group>"; };
		6B8D5A0B1A3D6BB300F41B85 /* button_bg@2x.png */ = {isa = PBXFileReference; lastKnownFileType = image.png; path = "button_bg@2x.png"; sourceTree = "<group>"; };
		6B8D5A0C1A3D6BB300F41B85 /* checkbox_checked.png */ = {isa = PBXFileReference; lastKnownFileType = image.png; path = checkbox_checked.png; sourceTree = "<group>"; };
		6B8D5A0D1A3D6BB300F41B85 /* checkbox_unchecked.png */ = {isa = PBXFileReference; lastKnownFileType = image.png; path = checkbox_unchecked.png; sourceTree = "<group>"; };
		6B8D5A0E1A3D6BB300F41B85 /* checkmark.png */ = {isa = PBXFileReference; lastKnownFileType = image.png; path = checkmark.png; sourceTree = "<group>"; };
		6B8D5A0F1A3D6BB300F41B85 /* checkmark@2x.png */ = {isa = PBXFileReference; lastKnownFileType = image.png; path = "checkmark@2x.png"; sourceTree = "<group>"; };
		6B8D5A101A3D6BB300F41B85 /* Default-568h@2x.png */ = {isa = PBXFileReference; lastKnownFileType = image.png; path = "Default-568h@2x.png"; sourceTree = "<group>"; };
		6B8D5A111A3D6BB300F41B85 /* Default.png */ = {isa = PBXFileReference; lastKnownFileType = image.png; path = Default.png; sourceTree = "<group>"; };
		6B8D5A121A3D6BB300F41B85 /* Default@2x.png */ = {isa = PBXFileReference; lastKnownFileType = image.png; path = "Default@2x.png"; sourceTree = "<group>"; };
		6B8D5A131A3D6BB300F41B85 /* error.png */ = {isa = PBXFileReference; lastKnownFileType = image.png; path = error.png; sourceTree = "<group>"; };
		6B8D5A141A3D6BB300F41B85 /* error@2x.png */ = {isa = PBXFileReference; lastKnownFileType = image.png; path = "error@2x.png"; sourceTree = "<group>"; };
		6B8D5A151A3D6BB300F41B85 /* line_shi.png */ = {isa = PBXFileReference; lastKnownFileType = image.png; path = line_shi.png; sourceTree = "<group>"; };
		6B8D5A161A3D6BB300F41B85 /* line_shi@2x.png */ = {isa = PBXFileReference; lastKnownFileType = image.png; path = "line_shi@2x.png"; sourceTree = "<group>"; };
		6B8D5A171A3D6BB300F41B85 /* login_bg.png */ = {isa = PBXFileReference; lastKnownFileType = image.png; path = login_bg.png; sourceTree = "<group>"; };
		6B8D5A181A3D6BB300F41B85 /* login_btn.png */ = {isa = PBXFileReference; lastKnownFileType = image.png; path = login_btn.png; sourceTree = "<group>"; };
		6B8D5A191A3D6BB300F41B85 /* man.png */ = {isa = PBXFileReference; lastKnownFileType = image.png; path = man.png; sourceTree = "<group>"; };
		6B8D5A1A1A3D6BB300F41B85 /* man@2x.png */ = {isa = PBXFileReference; lastKnownFileType = image.png; path = "man@2x.png"; sourceTree = "<group>"; };
		6B8D5A1B1A3D6BB300F41B85 /* menu.png */ = {isa = PBXFileReference; lastKnownFileType = image.png; path = menu.png; sourceTree = "<group>"; };
		6B8D5A1C1A3D6BB300F41B85 /* menu@2x.png */ = {isa = PBXFileReference; lastKnownFileType = image.png; path = "menu@2x.png"; sourceTree = "<group>"; };
		6B8D5A1D1A3D6BB300F41B85 /* menu_back.png */ = {isa = PBXFileReference; lastKnownFileType = image.png; path = menu_back.png; sourceTree = "<group>"; };
		6B8D5A1E1A3D6BB300F41B85 /* navigationbar_bg.png */ = {isa = PBXFileReference; lastKnownFileType = image.png; path = navigationbar_bg.png; sourceTree = "<group>"; };
		6B8D5A1F1A3D6BB300F41B85 /* navigationbar_bg@2x.png */ = {isa = PBXFileReference; lastKnownFileType = image.png; path = "navigationbar_bg@2x.png"; sourceTree = "<group>"; };
		6B8D5A201A3D6BB300F41B85 /* paperClip.png */ = {isa = PBXFileReference; lastKnownFileType = image.png; path = paperClip.png; sourceTree = "<group>"; };
		6B8D5A211A3D6BB300F41B85 /* paperClip@2x.png */ = {isa = PBXFileReference; lastKnownFileType = image.png; path = "paperClip@2x.png"; sourceTree = "<group>"; };
		6B8D5A221A3D6BB300F41B85 /* return.png */ = {isa = PBXFileReference; lastKnownFileType = image.png; path = return.png; sourceTree = "<group>"; };
		6B8D5A231A3D6BB300F41B85 /* textfield_bg.png */ = {isa = PBXFileReference; lastKnownFileType = image.png; path = textfield_bg.png; sourceTree = "<group>"; };
		6B8D5A241A3D6BB300F41B85 /* textfield_bg@2x.png */ = {isa = PBXFileReference; lastKnownFileType = image.png; path = "textfield_bg@2x.png"; sourceTree = "<group>"; };
		6B8D5A251A3D6BB300F41B85 /* textfield_hlbg.png */ = {isa = PBXFileReference; lastKnownFileType = image.png; path = textfield_hlbg.png; sourceTree = "<group>"; };
		6B8D5A261A3D6BB300F41B85 /* textfield_hlbg@2x.png */ = {isa = PBXFileReference; lastKnownFileType = image.png; path = "textfield_hlbg@2x.png"; sourceTree = "<group>"; };
		6B8D5A271A3D6BB300F41B85 /* woman.png */ = {isa = PBXFileReference; lastKnownFileType = image.png; path = woman.png; sourceTree = "<group>"; };
		6B8D5A281A3D6BB300F41B85 /* woman@2x.png */ = {isa = PBXFileReference; lastKnownFileType = image.png; path = "woman@2x.png"; sourceTree = "<group>"; };
		6B8D5A551A3D770600F41B85 /* ItemModel.h */ = {isa = PBXFileReference; fileEncoding = 4; lastKnownFileType = sourcecode.c.h; path = ItemModel.h; sourceTree = "<group>"; };
		6B8D5A561A3D770600F41B85 /* ItemModel.m */ = {isa = PBXFileReference; fileEncoding = 4; lastKnownFileType = sourcecode.c.objc; path = ItemModel.m; sourceTree = "<group>"; };
/* End PBXFileReference section */

/* Begin PBXFrameworksBuildPhase section */
		6B8D59C91A3D5D5B00F41B85 /* Frameworks */ = {
			isa = PBXFrameworksBuildPhase;
			buildActionMask = 2147483647;
			files = (
			);
			runOnlyForDeploymentPostprocessing = 0;
		};
		6B8D59E51A3D5D5B00F41B85 /* Frameworks */ = {
			isa = PBXFrameworksBuildPhase;
			buildActionMask = 2147483647;
			files = (
			);
			runOnlyForDeploymentPostprocessing = 0;
		};
/* End PBXFrameworksBuildPhase section */

/* Begin PBXGroup section */
		6B8D59C31A3D5D5B00F41B85 = {
			isa = PBXGroup;
			children = (
				6B8D59CE1A3D5D5B00F41B85 /* CoreTextText */,
				6B8D59EB1A3D5D5B00F41B85 /* CoreTextTextTests */,
				6B8D59CD1A3D5D5B00F41B85 /* Products */,
			);
			sourceTree = "<group>";
		};
		6B8D59CD1A3D5D5B00F41B85 /* Products */ = {
			isa = PBXGroup;
			children = (
				6B8D59CC1A3D5D5B00F41B85 /* CoreTextText.app */,
				6B8D59E81A3D5D5B00F41B85 /* CoreTextTextTests.xctest */,
			);
			name = Products;
			sourceTree = "<group>";
		};
		6B8D59CE1A3D5D5B00F41B85 /* CoreTextText */ = {
			isa = PBXGroup;
			children = (
				6B8D59FB1A3D6BB300F41B85 /* image */,
				6B8D59D31A3D5D5B00F41B85 /* AppDelegate.h */,
				6B8D59D41A3D5D5B00F41B85 /* AppDelegate.m */,
				6B8D59D61A3D5D5B00F41B85 /* FirstViewController.h */,
				6B8D59D71A3D5D5B00F41B85 /* FirstViewController.m */,
				6B8D59D91A3D5D5B00F41B85 /* SecondViewController.h */,
				6B8D59DA1A3D5D5B00F41B85 /* SecondViewController.m */,
				6B8D59DC1A3D5D5B00F41B85 /* Main.storyboard */,
				6B8D59DF1A3D5D5B00F41B85 /* Images.xcassets */,
				6B8D59E11A3D5D5B00F41B85 /* LaunchScreen.xib */,
				6B8D59CF1A3D5D5B00F41B85 /* Supporting Files */,
				6B8D59F81A3D5DAD00F41B85 /* CoreTxetView.h */,
				6B8D59F91A3D5DAD00F41B85 /* CoreTxetView.m */,
				6B8D5A551A3D770600F41B85 /* ItemModel.h */,
				6B8D5A561A3D770600F41B85 /* ItemModel.m */,
			);
			path = CoreTextText;
			sourceTree = "<group>";
		};
		6B8D59CF1A3D5D5B00F41B85 /* Supporting Files */ = {
			isa = PBXGroup;
			children = (
				6B8D59D01A3D5D5B00F41B85 /* Info.plist */,
				6B8D59D11A3D5D5B00F41B85 /* main.m */,
			);
			name = "Supporting Files";
			sourceTree = "<group>";
		};
		6B8D59EB1A3D5D5B00F41B85 /* CoreTextTextTests */ = {
			isa = PBXGroup;
			children = (
				6B8D59EE1A3D5D5B00F41B85 /* CoreTextTextTests.m */,
				6B8D59EC1A3D5D5B00F41B85 /* Supporting Files */,
			);
			path = CoreTextTextTests;
			sourceTree = "<group>";
		};
		6B8D59EC1A3D5D5B00F41B85 /* Supporting Files */ = {
			isa = PBXGroup;
			children = (
				6B8D59ED1A3D5D5B00F41B85 /* Info.plist */,
			);
			name = "Supporting Files";
			sourceTree = "<group>";
		};
		6B8D59FB1A3D6BB300F41B85 /* image */ = {
			isa = PBXGroup;
			children = (
				6B8D59FC1A3D6BB300F41B85 /* attachmentIcon */,
				6B8D5A071A3D6BB300F41B85 /* back.png */,
				6B8D5A081A3D6BB300F41B85 /* back@2x.png */,
				6B8D5A091A3D6BB300F41B85 /* background.png */,
				6B8D5A0A1A3D6BB300F41B85 /* button_bg.png */,
				6B8D5A0B1A3D6BB300F41B85 /* button_bg@2x.png */,
				6B8D5A0C1A3D6BB300F41B85 /* checkbox_checked.png */,
				6B8D5A0D1A3D6BB300F41B85 /* checkbox_unchecked.png */,
				6B8D5A0E1A3D6BB300F41B85 /* checkmark.png */,
				6B8D5A0F1A3D6BB300F41B85 /* checkmark@2x.png */,
				6B8D5A101A3D6BB300F41B85 /* Default-568h@2x.png */,
				6B8D5A111A3D6BB300F41B85 /* Default.png */,
				6B8D5A121A3D6BB300F41B85 /* Default@2x.png */,
				6B8D5A131A3D6BB300F41B85 /* error.png */,
				6B8D5A141A3D6BB300F41B85 /* error@2x.png */,
				6B8D5A151A3D6BB300F41B85 /* line_shi.png */,
				6B8D5A161A3D6BB300F41B85 /* line_shi@2x.png */,
				6B8D5A171A3D6BB300F41B85 /* login_bg.png */,
				6B8D5A181A3D6BB300F41B85 /* login_btn.png */,
				6B8D5A191A3D6BB300F41B85 /* man.png */,
				6B8D5A1A1A3D6BB300F41B85 /* man@2x.png */,
				6B8D5A1B1A3D6BB300F41B85 /* menu.png */,
				6B8D5A1C1A3D6BB300F41B85 /* menu@2x.png */,
				6B8D5A1D1A3D6BB300F41B85 /* menu_back.png */,
				6B8D5A1E1A3D6BB300F41B85 /* navigationbar_bg.png */,
				6B8D5A1F1A3D6BB300F41B85 /* navigationbar_bg@2x.png */,
				6B8D5A201A3D6BB300F41B85 /* paperClip.png */,
				6B8D5A211A3D6BB300F41B85 /* paperClip@2x.png */,
				6B8D5A221A3D6BB300F41B85 /* return.png */,
				6B8D5A231A3D6BB300F41B85 /* textfield_bg.png */,
				6B8D5A241A3D6BB300F41B85 /* textfield_bg@2x.png */,
				6B8D5A251A3D6BB300F41B85 /* textfield_hlbg.png */,
				6B8D5A261A3D6BB300F41B85 /* textfield_hlbg@2x.png */,
				6B8D5A271A3D6BB300F41B85 /* woman.png */,
				6B8D5A281A3D6BB300F41B85 /* woman@2x.png */,
			);
			path = image;
			sourceTree = "<group>";
		};
		6B8D59FC1A3D6BB300F41B85 /* attachmentIcon */ = {
			isa = PBXGroup;
			children = (
				6B8D59FD1A3D6BB300F41B85 /* audio.png */,
				6B8D59FE1A3D6BB300F41B85 /* doc.png */,
				6B8D59FF1A3D6BB300F41B85 /* file.png */,
				6B8D5A001A3D6BB300F41B85 /* html.png */,
				6B8D5A011A3D6BB300F41B85 /* pdf.png */,
				6B8D5A021A3D6BB300F41B85 /* pic.png */,
				6B8D5A031A3D6BB300F41B85 /* ppt.png */,
				6B8D5A041A3D6BB300F41B85 /* txt.png */,
				6B8D5A051A3D6BB300F41B85 /* xls.png */,
				6B8D5A061A3D6BB300F41B85 /* zip.png */,
			);
			path = attachmentIcon;
			sourceTree = "<group>";
		};
/* End PBXGroup section */

/* Begin PBXNativeTarget section */
		6B8D59CB1A3D5D5B00F41B85 /* CoreTextText */ = {
			isa = PBXNativeTarget;
			buildConfigurationList = 6B8D59F21A3D5D5C00F41B85 /* Build configuration list for PBXNativeTarget "CoreTextText" */;
			buildPhases = (
				6B8D59C81A3D5D5B00F41B85 /* Sources */,
				6B8D59C91A3D5D5B00F41B85 /* Frameworks */,
				6B8D59CA1A3D5D5B00F41B85 /* Resources */,
			);
			buildRules = (
			);
			dependencies = (
			);
			name = CoreTextText;
			productName = CoreTextText;
			productReference = 6B8D59CC1A3D5D5B00F41B85 /* CoreTextText.app */;
			productType = "com.apple.product-type.application";
		};
		6B8D59E71A3D5D5B00F41B85 /* CoreTextTextTests */ = {
			isa = PBXNativeTarget;
			buildConfigurationList = 6B8D59F51A3D5D5C00F41B85 /* Build configuration list for PBXNativeTarget "CoreTextTextTests" */;
			buildPhases = (
				6B8D59E41A3D5D5B00F41B85 /* Sources */,
				6B8D59E51A3D5D5B00F41B85 /* Frameworks */,
				6B8D59E61A3D5D5B00F41B85 /* Resources */,
			);
			buildRules = (
			);
			dependencies = (
				6B8D59EA1A3D5D5B00F41B85 /* PBXTargetDependency */,
			);
			name = CoreTextTextTests;
			productName = CoreTextTextTests;
			productReference = 6B8D59E81A3D5D5B00F41B85 /* CoreTextTextTests.xctest */;
			productType = "com.apple.product-type.bundle.unit-test";
		};
/* End PBXNativeTarget section */

/* Begin PBXProject section */
		6B8D59C41A3D5D5B00F41B85 /* Project object */ = {
			isa = PBXProject;
			attributes = {
				LastUpgradeCheck = 0610;
				ORGANIZATIONNAME = founderbn;
				TargetAttributes = {
					6B8D59CB1A3D5D5B00F41B85 = {
						CreatedOnToolsVersion = 6.1;
					};
					6B8D59E71A3D5D5B00F41B85 = {
						CreatedOnToolsVersion = 6.1;
						TestTargetID = 6B8D59CB1A3D5D5B00F41B85;
					};
				};
			};
			buildConfigurationList = 6B8D59C71A3D5D5B00F41B85 /* Build configuration list for PBXProject "CoreTextText" */;
			compatibilityVersion = "Xcode 3.2";
			developmentRegion = English;
			hasScannedForEncodings = 0;
			knownRegions = (
				en,
				Base,
			);
			mainGroup = 6B8D59C31A3D5D5B00F41B85;
			productRefGroup = 6B8D59CD1A3D5D5B00F41B85 /* Products */;
			projectDirPath = "";
			projectRoot = "";
			targets = (
				6B8D59CB1A3D5D5B00F41B85 /* CoreTextText */,
				6B8D59E71A3D5D5B00F41B85 /* CoreTextTextTests */,
			);
		};
/* End PBXProject section */

/* Begin PBXResourcesBuildPhase section */
		6B8D59CA1A3D5D5B00F41B85 /* Resources */ = {
			isa = PBXResourcesBuildPhase;
			buildActionMask = 2147483647;
			files = (
				6B8D5A2E1A3D6BB300F41B85 /* pic.png in Resources */,
				6B8D5A4A1A3D6BB300F41B85 /* navigationbar_bg.png in Resources */,
				6B8D5A371A3D6BB300F41B85 /* button_bg@2x.png in Resources */,
				6B8D5A471A3D6BB300F41B85 /* menu.png in Resources */,
				6B8D5A351A3D6BB300F41B85 /* background.png in Resources */,
				6B8D5A4B1A3D6BB300F41B85 /* navigationbar_bg@2x.png in Resources */,
				6B8D5A4C1A3D6BB300F41B85 /* paperClip.png in Resources */,
				6B8D5A401A3D6BB300F41B85 /* error@2x.png in Resources */,
				6B8D5A2A1A3D6BB300F41B85 /* doc.png in Resources */,
				6B8D5A341A3D6BB300F41B85 /* back@2x.png in Resources */,
				6B8D59DE1A3D5D5B00F41B85 /* Main.storyboard in Resources */,
				6B8D5A301A3D6BB300F41B85 /* txt.png in Resources */,
				6B8D5A531A3D6BB300F41B85 /* woman.png in Resources */,
				6B8D5A421A3D6BB300F41B85 /* line_shi@2x.png in Resources */,
				6B8D5A4D1A3D6BB300F41B85 /* paperClip@2x.png in Resources */,
				6B8D5A331A3D6BB300F41B85 /* back.png in Resources */,
				6B8D59E31A3D5D5B00F41B85 /* LaunchScreen.xib in Resources */,
				6B8D5A4E1A3D6BB300F41B85 /* return.png in Resources */,
				6B8D5A291A3D6BB300F41B85 /* audio.png in Resources */,
				6B8D5A3B1A3D6BB300F41B85 /* checkmark@2x.png in Resources */,
				6B8D5A441A3D6BB300F41B85 /* login_btn.png in Resources */,
				6B8D5A2D1A3D6BB300F41B85 /* pdf.png in Resources */,
				6B8D5A521A3D6BB300F41B85 /* textfield_hlbg@2x.png in Resources */,
				6B8D5A3E1A3D6BB300F41B85 /* Default@2x.png in Resources */,
				6B8D5A491A3D6BB300F41B85 /* menu_back.png in Resources */,
				6B8D5A361A3D6BB300F41B85 /* button_bg.png in Resources */,
				6B8D59E01A3D5D5B00F41B85 /* Images.xcassets in Resources */,
				6B8D5A391A3D6BB300F41B85 /* checkbox_unchecked.png in Resources */,
				6B8D5A2C1A3D6BB300F41B85 /* html.png in Resources */,
				6B8D5A501A3D6BB300F41B85 /* textfield_bg@2x.png in Resources */,
				6B8D5A411A3D6BB300F41B85 /* line_shi.png in Resources */,
				6B8D5A4F1A3D6BB300F41B85 /* textfield_bg.png in Resources */,
				6B8D5A511A3D6BB300F41B85 /* textfield_hlbg.png in Resources */,
				6B8D5A481A3D6BB300F41B85 /* menu@2x.png in Resources */,
				6B8D5A321A3D6BB300F41B85 /* zip.png in Resources */,
				6B8D5A451A3D6BB300F41B85 /* man.png in Resources */,
				6B8D5A461A3D6BB300F41B85 /* man@2x.png in Resources */,
				6B8D5A3C1A3D6BB300F41B85 /* Default-568h@2x.png in Resources */,
				6B8D5A381A3D6BB300F41B85 /* checkbox_checked.png in Resources */,
				6B8D5A3D1A3D6BB300F41B85 /* Default.png in Resources */,
				6B8D5A3A1A3D6BB300F41B85 /* checkmark.png in Resources */,
				6B8D5A311A3D6BB300F41B85 /* xls.png in Resources */,
				6B8D5A431A3D6BB300F41B85 /* login_bg.png in Resources */,
				6B8D5A2F1A3D6BB300F41B85 /* ppt.png in Resources */,
				6B8D5A541A3D6BB300F41B85 /* woman@2x.png in Resources */,
				6B8D5A3F1A3D6BB300F41B85 /* error.png in Resources */,
				6B8D5A2B1A3D6BB300F41B85 /* file.png in Resources */,
			);
			runOnlyForDeploymentPostprocessing = 0;
		};
		6B8D59E61A3D5D5B00F41B85 /* Resources */ = {
			isa = PBXResourcesBuildPhase;
			buildActionMask = 2147483647;
			files = (
			);
			runOnlyForDeploymentPostprocessing = 0;
		};
/* End PBXResourcesBuildPhase section */

/* Begin PBXSourcesBuildPhase section */
		6B8D59C81A3D5D5B00F41B85 /* Sources */ = {
			isa = PBXSourcesBuildPhase;
			buildActionMask = 2147483647;
			files = (
				6B8D5A571A3D770600F41B85 /* ItemModel.m in Sources */,
				6B8D59DB1A3D5D5B00F41B85 /* SecondViewController.m in Sources */,
				6B8D59D51A3D5D5B00F41B85 /* AppDelegate.m in Sources */,
				6B8D59D81A3D5D5B00F41B85 /* FirstViewController.m in Sources */,
				6B8D59D21A3D5D5B00F41B85 /* main.m in Sources */,
				6B8D59FA1A3D5DAD00F41B85 /* CoreTxetView.m in Sources */,
			);
			runOnlyForDeploymentPostprocessing = 0;
		};
		6B8D59E41A3D5D5B00F41B85 /* Sources */ = {
			isa = PBXSourcesBuildPhase;
			buildActionMask = 2147483647;
			files = (
				6B8D59EF1A3D5D5B00F41B85 /* CoreTextTextTests.m in Sources */,
			);
			runOnlyForDeploymentPostprocessing = 0;
		};
/* End PBXSourcesBuildPhase section */

/* Begin PBXTargetDependency section */
		6B8D59EA1A3D5D5B00F41B85 /* PBXTargetDependency */ = {
			isa = PBXTargetDependency;
			target = 6B8D59CB1A3D5D5B00F41B85 /* CoreTextText */;
			targetProxy = 6B8D59E91A3D5D5B00F41B85 /* PBXContainerItemProxy */;
		};
/* End PBXTargetDependency section */

/* Begin PBXVariantGroup section */
		6B8D59DC1A3D5D5B00F41B85 /* Main.storyboard */ = {
			isa = PBXVariantGroup;
			children = (
				6B8D59DD1A3D5D5B00F41B85 /* Base */,
			);
			name = Main.storyboard;
			sourceTree = "<group>";
		};
		6B8D59E11A3D5D5B00F41B85 /* LaunchScreen.xib */ = {
			isa = PBXVariantGroup;
			children = (
				6B8D59E21A3D5D5B00F41B85 /* Base */,
			);
			name = LaunchScreen.xib;
			sourceTree = "<group>";
		};
/* End PBXVariantGroup section */

/* Begin XCBuildConfiguration section */
		6B8D59F01A3D5D5C00F41B85 /* Debug */ = {
			isa = XCBuildConfiguration;
			buildSettings = {
				ALWAYS_SEARCH_USER_PATHS = NO;
				CLANG_CXX_LANGUAGE_STANDARD = "gnu++0x";
				CLANG_CXX_LIBRARY = "libc++";
				CLANG_ENABLE_MODULES = YES;
				CLANG_ENABLE_OBJC_ARC = YES;
				CLANG_WARN_BOOL_CONVERSION = YES;
				CLANG_WARN_CONSTANT_CONVERSION = YES;
				CLANG_WARN_DIRECT_OBJC_ISA_USAGE = YES_ERROR;
				CLANG_WARN_EMPTY_BODY = YES;
				CLANG_WARN_ENUM_CONVERSION = YES;
				CLANG_WARN_INT_CONVERSION = YES;
				CLANG_WARN_OBJC_ROOT_CLASS = YES_ERROR;
				CLANG_WARN_UNREACHABLE_CODE = YES;
				CLANG_WARN__DUPLICATE_METHOD_MATCH = YES;
				"CODE_SIGN_IDENTITY[sdk=iphoneos*]" = "iPhone Developer";
				COPY_PHASE_STRIP = NO;
				ENABLE_STRICT_OBJC_MSGSEND = YES;
				GCC_C_LANGUAGE_STANDARD = gnu99;
				GCC_DYNAMIC_NO_PIC = NO;
				GCC_OPTIMIZATION_LEVEL = 0;
				GCC_PREPROCESSOR_DEFINITIONS = (
					"DEBUG=1",
					"$(inherited)",
				);
				GCC_SYMBOLS_PRIVATE_EXTERN = NO;
				GCC_WARN_64_TO_32_BIT_CONVERSION = YES;
				GCC_WARN_ABOUT_RETURN_TYPE = YES_ERROR;
				GCC_WARN_UNDECLARED_SELECTOR = YES;
				GCC_WARN_UNINITIALIZED_AUTOS = YES_AGGRESSIVE;
				GCC_WARN_UNUSED_FUNCTION = YES;
				GCC_WARN_UNUSED_VARIABLE = YES;
				IPHONEOS_DEPLOYMENT_TARGET = 8.1;
				MTL_ENABLE_DEBUG_INFO = YES;
				ONLY_ACTIVE_ARCH = YES;
				SDKROOT = iphoneos;
			};
			name = Debug;
		};
		6B8D59F11A3D5D5C00F41B85 /* Release */ = {
			isa = XCBuildConfiguration;
			buildSettings = {
				ALWAYS_SEARCH_USER_PATHS = NO;
				CLANG_CXX_LANGUAGE_STANDARD = "gnu++0x";
				CLANG_CXX_LIBRARY = "libc++";
				CLANG_ENABLE_MODULES = YES;
				CLANG_ENABLE_OBJC_ARC = YES;
				CLANG_WARN_BOOL_CONVERSION = YES;
				CLANG_WARN_CONSTANT_CONVERSION = YES;
				CLANG_WARN_DIRECT_OBJC_ISA_USAGE = YES_ERROR;
				CLANG_WARN_EMPTY_BODY = YES;
				CLANG_WARN_ENUM_CONVERSION = YES;
				CLANG_WARN_INT_CONVERSION = YES;
				CLANG_WARN_OBJC_ROOT_CLASS = YES_ERROR;
				CLANG_WARN_UNREACHABLE_CODE = YES;
				CLANG_WARN__DUPLICATE_METHOD_MATCH = YES;
				"CODE_SIGN_IDENTITY[sdk=iphoneos*]" = "iPhone Developer";
				COPY_PHASE_STRIP = YES;
				ENABLE_NS_ASSERTIONS = NO;
				ENABLE_STRICT_OBJC_MSGSEND = YES;
				GCC_C_LANGUAGE_STANDARD = gnu99;
				GCC_WARN_64_TO_32_BIT_CONVERSION = YES;
				GCC_WARN_ABOUT_RETURN_TYPE = YES_ERROR;
				GCC_WARN_UNDECLARED_SELECTOR = YES;
				GCC_WARN_UNINITIALIZED_AUTOS = YES_AGGRESSIVE;
				GCC_WARN_UNUSED_FUNCTION = YES;
				GCC_WARN_UNUSED_VARIABLE = YES;
				IPHONEOS_DEPLOYMENT_TARGET = 8.1;
				MTL_ENABLE_DEBUG_INFO = NO;
				SDKROOT = iphoneos;
				VALIDATE_PRODUCT = YES;
			};
			name = Release;
		};
		6B8D59F31A3D5D5C00F41B85 /* Debug */ = {
			isa = XCBuildConfiguration;
			buildSettings = {
				ASSETCATALOG_COMPILER_APPICON_NAME = AppIcon;
				INFOPLIST_FILE = CoreTextText/Info.plist;
				LD_RUNPATH_SEARCH_PATHS = "$(inherited) @executable_path/Frameworks";
				PRODUCT_NAME = "$(TARGET_NAME)";
			};
			name = Debug;
		};
		6B8D59F41A3D5D5C00F41B85 /* Release */ = {
			isa = XCBuildConfiguration;
			buildSettings = {
				ASSETCATALOG_COMPILER_APPICON_NAME = AppIcon;
				INFOPLIST_FILE = CoreTextText/Info.plist;
				LD_RUNPATH_SEARCH_PATHS = "$(inherited) @executable_path/Frameworks";
				PRODUCT_NAME = "$(TARGET_NAME)";
			};
			name = Release;
		};
		6B8D59F61A3D5D5C00F41B85 /* Debug */ = {
			isa = XCBuildConfiguration;
			buildSettings = {
				BUNDLE_LOADER = "$(TEST_HOST)";
				FRAMEWORK_SEARCH_PATHS = (
					"$(SDKROOT)/Developer/Library/Frameworks",
					"$(inherited)",
				);
				GCC_PREPROCESSOR_DEFINITIONS = (
					"DEBUG=1",
					"$(inherited)",
				);
				INFOPLIST_FILE = CoreTextTextTests/Info.plist;
				LD_RUNPATH_SEARCH_PATHS = "$(inherited) @executable_path/Frameworks @loader_path/Frameworks";
				PRODUCT_NAME = "$(TARGET_NAME)";
				TEST_HOST = "$(BUILT_PRODUCTS_DIR)/CoreTextText.app/CoreTextText";
			};
			name = Debug;
		};
		6B8D59F71A3D5D5C00F41B85 /* Release */ = {
			isa = XCBuildConfiguration;
			buildSettings = {
				BUNDLE_LOADER = "$(TEST_HOST)";
				FRAMEWORK_SEARCH_PATHS = (
					"$(SDKROOT)/Developer/Library/Frameworks",
					"$(inherited)",
				);
				INFOPLIST_FILE = CoreTextTextTests/Info.plist;
				LD_RUNPATH_SEARCH_PATHS = "$(inherited) @executable_path/Frameworks @loader_path/Frameworks";
				PRODUCT_NAME = "$(TARGET_NAME)";
				TEST_HOST = "$(BUILT_PRODUCTS_DIR)/CoreTextText.app/CoreTextText";
			};
			name = Release;
		};
/* End XCBuildConfiguration section */

/* Begin XCConfigurationList section */
		6B8D59C71A3D5D5B00F41B85 /* Build configuration list for PBXProject "CoreTextText" */ = {
			isa = XCConfigurationList;
			buildConfigurations = (
				6B8D59F01A3D5D5C00F41B85 /* Debug */,
				6B8D59F11A3D5D5C00F41B85 /* Release */,
			);
			defaultConfigurationIsVisible = 0;
			defaultConfigurationName = Release;
		};
		6B8D59F21A3D5D5C00F41B85 /* Build configuration list for PBXNativeTarget "CoreTextText" */ = {
			isa = XCConfigurationList;
			buildConfigurations = (
				6B8D59F31A3D5D5C00F41B85 /* Debug */,
				6B8D59F41A3D5D5C00F41B85 /* Release */,
			);
			defaultConfigurationIsVisible = 0;
		};
		6B8D59F51A3D5D5C00F41B85 /* Build configuration list for PBXNativeTarget "CoreTextTextTests" */ = {
			isa = XCConfigurationList;
			buildConfigurations = (
				6B8D59F61A3D5D5C00F41B85 /* Debug */,
				6B8D59F71A3D5D5C00F41B85 /* Release */,
			);
			defaultConfigurationIsVisible = 0;
		};
/* End XCConfigurationList section */
	};
	rootObject = 6B8D59C41A3D5D5B00F41B85 /* Project object */;
}
